
Microsoft Visual Studio Solution File, Format Version 12.00
# Visual Studio Version 17
VisualStudioVersion = 17.0.31903.59
MinimumVisualStudioVersion = 10.0.40219.1
Project("{FAE04EC0-301F-11D3-BF4B-00C04F79EFBC}") = "ClientUI", "ClientUI\ClientUI.csproj", "{B0A41347-B93F-47EE-87CF-1208CC761406}"
EndProject
Project("{FAE04EC0-301F-11D3-BF4B-00C04F79EFBC}") = "Sales.Messages", "Messages\Sales.Messages.csproj", "{91100069-6D44-4473-9495-63873803BD6C}"
EndProject
Project("{FAE04EC0-301F-11D3-BF4B-00C04F79EFBC}") = "Sales", "Sales\Sales.csproj", "{87AD1614-EF0C-4E0E-B192-1B22C2EE6BBB}"
EndProject
Project("{FAE04EC0-301F-11D3-BF4B-00C04F79EFBC}") = "Billing", "Billing\Billing.csproj", "{1B777FF9-44FF-438C-ACE2-DEE019BB5F1B}"
EndProject
Project("{FAE04EC0-301F-11D3-BF4B-00C04F79EFBC}") = "Billing.Messages", "Billing.Messages\Billing.Messages.csproj", "{52367684-CAA8-4533-B25B-1795199D920E}"
EndProject
Project("{FAE04EC0-301F-11D3-BF4B-00C04F79EFBC}") = "Shipping", "Shipping\Shipping.csproj", "{617AEE70-0A41-4E70-9DAB-8EA110221C0D}"
EndProject
Global
	GlobalSection(SolutionConfigurationPlatforms) = preSolution
		Debug|Any CPU = Debug|Any CPU
		Release|Any CPU = Release|Any CPU
	EndGlobalSection
	GlobalSection(ProjectConfigurationPlatforms) = postSolution
		{B0A41347-B93F-47EE-87CF-1208CC761406}.Debug|Any CPU.ActiveCfg = Debug|Any CPU
		{B0A41347-B93F-47EE-87CF-1208CC761406}.Debug|Any CPU.Build.0 = Debug|Any CPU
		{B0A41347-B93F-47EE-87CF-1208CC761406}.Release|Any CPU.ActiveCfg = Release|Any CPU
		{B0A41347-B93F-47EE-87CF-1208CC761406}.Release|Any CPU.Build.0 = Release|Any CPU
		{91100069-6D44-4473-9495-63873803BD6C}.Debug|Any CPU.ActiveCfg = Debug|Any CPU
		{91100069-6D44-4473-9495-63873803BD6C}.Debug|Any CPU.Build.0 = Debug|Any CPU
		{91100069-6D44-4473-9495-63873803BD6C}.Release|Any CPU.ActiveCfg = Release|Any CPU
		{91100069-6D44-4473-9495-63873803BD6C}.Release|Any CPU.Build.0 = Release|Any CPU
		{87AD1614-EF0C-4E0E-B192-1B22C2EE6BBB}.Debug|Any CPU.ActiveCfg = Debug|Any CPU
		{87AD1614-EF0C-4E0E-B192-1B22C2EE6BBB}.Debug|Any CPU.Build.0 = Debug|Any CPU
		{87AD1614-EF0C-4E0E-B192-1B22C2EE6BBB}.Release|Any CPU.ActiveCfg = Release|Any CPU
		{87AD1614-EF0C-4E0E-B192-1B22C2EE6BBB}.Release|Any CPU.Build.0 = Release|Any CPU
		{1B777FF9-44FF-438C-ACE2-DEE019BB5F1B}.Debug|Any CPU.ActiveCfg = Debug|Any CPU
		{1B777FF9-44FF-438C-ACE2-DEE019BB5F1B}.Debug|Any CPU.Build.0 = Debug|Any CPU
		{1B777FF9-44FF-438C-ACE2-DEE019BB5F1B}.Release|Any CPU.ActiveCfg = Release|Any CPU
		{1B777FF9-44FF-438C-ACE2-DEE019BB5F1B}.Release|Any CPU.Build.0 = Release|Any CPU
		{52367684-CAA8-4533-B25B-1795199D920E}.Debug|Any CPU.ActiveCfg = Debug|Any CPU
		{52367684-CAA8-4533-B25B-1795199D920E}.Debug|Any CPU.Build.0 = Debug|Any CPU
		{52367684-CAA8-4533-B25B-1795199D920E}.Release|Any CPU.ActiveCfg = Release|Any CPU
		{52367684-CAA8-4533-B25B-1795199D920E}.Release|Any CPU.Build.0 = Release|Any CPU
		{617AEE70-0A41-4E70-9DAB-8EA110221C0D}.Debug|Any CPU.ActiveCfg = Debug|Any CPU
		{617AEE70-0A41-4E70-9DAB-8EA110221C0D}.Debug|Any CPU.Build.0 = Debug|Any CPU
		{617AEE70-0A41-4E70-9DAB-8EA110221C0D}.Release|Any CPU.ActiveCfg = Release|Any CPU
		{617AEE70-0A41-4E70-9DAB-8EA110221C0D}.Release|Any CPU.Build.0 = Release|Any CPU
	EndGlobalSection
	GlobalSection(SolutionProperties) = preSolution
		HideSolutionNode = FALSE
	EndGlobalSection
EndGlobal
